// !$*UTF8*$!
{
	archiveVersion = 1;
	classes = {
	};
	objectVersion = 50;
	objects = {

/* Begin PBXBuildFile section */
		953866742325508A001EA4FD /* AppDelegate.swift in Sources */ = {isa = PBXBuildFile; fileRef = 953866732325508A001EA4FD /* AppDelegate.swift */; };
		953866762325508A001EA4FD /* ViewController.swift in Sources */ = {isa = PBXBuildFile; fileRef = 953866752325508A001EA4FD /* ViewController.swift */; };
		953866792325508A001EA4FD /* Main.storyboard in Resources */ = {isa = PBXBuildFile; fileRef = 953866772325508A001EA4FD /* Main.storyboard */; };
		9538667B2325508C001EA4FD /* Assets.xcassets in Resources */ = {isa = PBXBuildFile; fileRef = 9538667A2325508C001EA4FD /* Assets.xcassets */; };
		9538667E2325508C001EA4FD /* LaunchScreen.storyboard in Resources */ = {isa = PBXBuildFile; fileRef = 9538667C2325508C001EA4FD /* LaunchScreen.storyboard */; };
		953866892325508C001EA4FD /* DirectionsTests.swift in Sources */ = {isa = PBXBuildFile; fileRef = 953866882325508C001EA4FD /* DirectionsTests.swift */; };
		953866942325508C001EA4FD /* DirectionsUITests.swift in Sources */ = {isa = PBXBuildFile; fileRef = 953866932325508C001EA4FD /* DirectionsUITests.swift */; };
/* End PBXBuildFile section */

/* Begin PBXContainerItemProxy section */
		953866852325508C001EA4FD /* PBXContainerItemProxy */ = {
			isa = PBXContainerItemProxy;
			containerPortal = 953866682325508A001EA4FD /* Project object */;
			proxyType = 1;
			remoteGlobalIDString = 9538666F2325508A001EA4FD;
			remoteInfo = Directions;
		};
		953866902325508C001EA4FD /* PBXContainerItemProxy */ = {
			isa = PBXContainerItemProxy;
			containerPortal = 953866682325508A001EA4FD /* Project object */;
			proxyType = 1;
			remoteGlobalIDString = 9538666F2325508A001EA4FD;
			remoteInfo = Directions;
		};
/* End PBXContainerItemProxy section */

/* Begin PBXFileReference section */
		953866702325508A001EA4FD /* Directions.app */ = {isa = PBXFileReference; explicitFileType = wrapper.application; includeInIndex = 0; path = Directions.app; sourceTree = BUILT_PRODUCTS_DIR; };
		953866732325508A001EA4FD /* AppDelegate.swift */ = {isa = PBXFileReference; lastKnownFileType = sourcecode.swift; path = AppDelegate.swift; sourceTree = "<group>"; };
		953866752325508A001EA4FD /* ViewController.swift */ = {isa = PBXFileReference; lastKnownFileType = sourcecode.swift; path = ViewController.swift; sourceTree = "<group>"; };
		953866782325508A001EA4FD /* Base */ = {isa = PBXFileReference; lastKnownFileType = file.storyboard; name = Base; path = Base.lproj/Main.storyboard; sourceTree = "<group>"; };
		9538667A2325508C001EA4FD /* Assets.xcassets */ = {isa = PBXFileReference; lastKnownFileType = folder.assetcatalog; path = Assets.xcassets; sourceTree = "<group>"; };
		9538667D2325508C001EA4FD /* Base */ = {isa = PBXFileReference; lastKnownFileType = file.storyboard; name = Base; path = Base.lproj/LaunchScreen.storyboard; sourceTree = "<group>"; };
		9538667F2325508C001EA4FD /* Info.plist */ = {isa = PBXFileReference; lastKnownFileType = text.plist.xml; path = Info.plist; sourceTree = "<group>"; };
		953866842325508C001EA4FD /* DirectionsTests.xctest */ = {isa = PBXFileReference; explicitFileType = wrapper.cfbundle; includeInIndex = 0; path = DirectionsTests.xctest; sourceTree = BUILT_PRODUCTS_DIR; };
		953866882325508C001EA4FD /* DirectionsTests.swift */ = {isa = PBXFileReference; lastKnownFileType = sourcecode.swift; path = DirectionsTests.swift; sourceTree = "<group>"; };
		9538668A2325508C001EA4FD /* Info.plist */ = {isa = PBXFileReference; lastKnownFileType = text.plist.xml; path = Info.plist; sourceTree = "<group>"; };
		9538668F2325508C001EA4FD /* DirectionsUITests.xctest */ = {isa = PBXFileReference; explicitFileType = wrapper.cfbundle; includeInIndex = 0; path = DirectionsUITests.xctest; sourceTree = BUILT_PRODUCTS_DIR; };
		953866932325508C001EA4FD /* DirectionsUITests.swift */ = {isa = PBXFileReference; lastKnownFileType = sourcecode.swift; path = DirectionsUITests.swift; sourceTree = "<group>"; };
		953866952325508C001EA4FD /* Info.plist */ = {isa = PBXFileReference; lastKnownFileType = text.plist.xml; path = Info.plist; sourceTree = "<group>"; };
/* End PBXFileReference section */

/* Begin PBXFrameworksBuildPhase section */
		9538666D2325508A001EA4FD /* Frameworks */ = {
			isa = PBXFrameworksBuildPhase;
			buildActionMask = 2147483647;
			files = (
			);
			runOnlyForDeploymentPostprocessing = 0;
		};
		953866812325508C001EA4FD /* Frameworks */ = {
			isa = PBXFrameworksBuildPhase;
			buildActionMask = 2147483647;
			files = (
			);
			runOnlyForDeploymentPostprocessing = 0;
		};
		9538668C2325508C001EA4FD /* Frameworks */ = {
			isa = PBXFrameworksBuildPhase;
			buildActionMask = 2147483647;
			files = (
			);
			runOnlyForDeploymentPostprocessing = 0;
		};
/* End PBXFrameworksBuildPhase section */

/* Begin PBXGroup section */
		953866672325508A001EA4FD = {
			isa = PBXGroup;
			children = (
				953866722325508A001EA4FD /* Directions */,
				953866872325508C001EA4FD /* DirectionsTests */,
				953866922325508C001EA4FD /* DirectionsUITests */,
				953866712325508A001EA4FD /* Products */,
			);
			sourceTree = "<group>";
		};
		953866712325508A001EA4FD /* Products */ = {
			isa = PBXGroup;
			children = (
				953866702325508A001EA4FD /* Directions.app */,
				953866842325508C001EA4FD /* DirectionsTests.xctest */,
				9538668F2325508C001EA4FD /* DirectionsUITests.xctest */,
			);
			name = Products;
			sourceTree = "<group>";
		};
		953866722325508A001EA4FD /* Directions */ = {
			isa = PBXGroup;
			children = (
				953866732325508A001EA4FD /* AppDelegate.swift */,
				953866752325508A001EA4FD /* ViewController.swift */,
				953866772325508A001EA4FD /* Main.storyboard */,
				9538667A2325508C001EA4FD /* Assets.xcassets */,
				9538667C2325508C001EA4FD /* LaunchScreen.storyboard */,
				9538667F2325508C001EA4FD /* Info.plist */,
			);
			path = Directions;
			sourceTree = "<group>";
		};
		953866872325508C001EA4FD /* DirectionsTests */ = {
			isa = PBXGroup;
			children = (
				953866882325508C001EA4FD /* DirectionsTests.swift */,
				9538668A2325508C001EA4FD /* Info.plist */,
			);
			path = DirectionsTests;
			sourceTree = "<group>";
		};
		953866922325508C001EA4FD /* DirectionsUITests */ = {
			isa = PBXGroup;
			children = (
				953866932325508C001EA4FD /* DirectionsUITests.swift */,
				953866952325508C001EA4FD /* Info.plist */,
			);
			path = DirectionsUITests;
			sourceTree = "<group>";
		};
/* End PBXGroup section */

/* Begin PBXNativeTarget section */
		9538666F2325508A001EA4FD /* Directions */ = {
			isa = PBXNativeTarget;
			buildConfigurationList = 953866982325508C001EA4FD /* Build configuration list for PBXNativeTarget "Directions" */;
			buildPhases = (
				9538666C2325508A001EA4FD /* Sources */,
				9538666D2325508A001EA4FD /* Frameworks */,
				9538666E2325508A001EA4FD /* Resources */,
			);
			buildRules = (
			);
			dependencies = (
			);
			name = Directions;
			productName = Directions;
			productReference = 953866702325508A001EA4FD /* Directions.app */;
			productType = "com.apple.product-type.application";
		};
		953866832325508C001EA4FD /* DirectionsTests */ = {
			isa = PBXNativeTarget;
			buildConfigurationList = 9538669B2325508C001EA4FD /* Build configuration list for PBXNativeTarget "DirectionsTests" */;
			buildPhases = (
				953866802325508C001EA4FD /* Sources */,
				953866812325508C001EA4FD /* Frameworks */,
				953866822325508C001EA4FD /* Resources */,
			);
			buildRules = (
			);
			dependencies = (
				953866862325508C001EA4FD /* PBXTargetDependency */,
			);
			name = DirectionsTests;
			productName = DirectionsTests;
			productReference = 953866842325508C001EA4FD /* DirectionsTests.xctest */;
			productType = "com.apple.product-type.bundle.unit-test";
		};
		9538668E2325508C001EA4FD /* DirectionsUITests */ = {
			isa = PBXNativeTarget;
			buildConfigurationList = 9538669E2325508C001EA4FD /* Build configuration list for PBXNativeTarget "DirectionsUITests" */;
			buildPhases = (
				9538668B2325508C001EA4FD /* Sources */,
				9538668C2325508C001EA4FD /* Frameworks */,
				9538668D2325508C001EA4FD /* Resources */,
			);
			buildRules = (
			);
			dependencies = (
				953866912325508C001EA4FD /* PBXTargetDependency */,
			);
			name = DirectionsUITests;
			productName = DirectionsUITests;
			productReference = 9538668F2325508C001EA4FD /* DirectionsUITests.xctest */;
			productType = "com.apple.product-type.bundle.ui-testing";
		};
/* End PBXNativeTarget section */

/* Begin PBXProject section */
		953866682325508A001EA4FD /* Project object */ = {
			isa = PBXProject;
			attributes = {
				LastSwiftUpdateCheck = 1030;
				LastUpgradeCheck = 1030;
				ORGANIZATIONNAME = com.ri;
				TargetAttributes = {
					9538666F2325508A001EA4FD = {
						CreatedOnToolsVersion = 10.3;
					};
					953866832325508C001EA4FD = {
						CreatedOnToolsVersion = 10.3;
						TestTargetID = 9538666F2325508A001EA4FD;
					};
					9538668E2325508C001EA4FD = {
						CreatedOnToolsVersion = 10.3;
						TestTargetID = 9538666F2325508A001EA4FD;
					};
				};
			};
			buildConfigurationList = 9538666B2325508A001EA4FD /* Build configuration list for PBXProject "Directions" */;
			compatibilityVersion = "Xcode 9.3";
			developmentRegion = en;
			hasScannedForEncodings = 0;
			knownRegions = (
				en,
				Base,
			);
			mainGroup = 953866672325508A001EA4FD;
			productRefGroup = 953866712325508A001EA4FD /* Products */;
			projectDirPath = "";
			projectRoot = "";
			targets = (
				9538666F2325508A001EA4FD /* Directions */,
				953866832325508C001EA4FD /* DirectionsTests */,
				9538668E2325508C001EA4FD /* DirectionsUITests */,
			);
		};
/* End PBXProject section */

/* Begin PBXResourcesBuildPhase section */
		9538666E2325508A001EA4FD /* Resources */ = {
			isa = PBXResourcesBuildPhase;
			buildActionMask = 2147483647;
			files = (
				9538667E2325508C001EA4FD /* LaunchScreen.storyboard in Resources */,
				9538667B2325508C001EA4FD /* Assets.xcassets in Resources */,
				953866792325508A001EA4FD /* Main.storyboard in Resources */,
			);
			runOnlyForDeploymentPostprocessing = 0;
		};
		953866822325508C001EA4FD /* Resources */ = {
			isa = PBXResourcesBuildPhase;
			buildActionMask = 2147483647;
			files = (
			);
			runOnlyForDeploymentPostprocessing = 0;
		};
		9538668D2325508C001EA4FD /* Resources */ = {
			isa = PBXResourcesBuildPhase;
			buildActionMask = 2147483647;
			files = (
			);
			runOnlyForDeploymentPostprocessing = 0;
		};
/* End PBXResourcesBuildPhase section */

/* Begin PBXSourcesBuildPhase section */
		9538666C2325508A001EA4FD /* Sources */ = {
			isa = PBXSourcesBuildPhase;
			buildActionMask = 2147483647;
			files = (
				953866762325508A001EA4FD /* ViewController.swift in Sources */,
				953866742325508A001EA4FD /* AppDelegate.swift in Sources */,
			);
			runOnlyForDeploymentPostprocessing = 0;
		};
		953866802325508C001EA4FD /* Sources */ = {
			isa = PBXSourcesBuildPhase;
			buildActionMask = 2147483647;
			files = (
				953866892325508C001EA4FD /* DirectionsTests.swift in Sources */,
			);
			runOnlyForDeploymentPostprocessing = 0;
		};
		9538668B2325508C001EA4FD /* Sources */ = {
			isa = PBXSourcesBuildPhase;
			buildActionMask = 2147483647;
			files = (
				953866942325508C001EA4FD /* DirectionsUITests.swift in Sources */,
			);
			runOnlyForDeploymentPostprocessing = 0;
		};
/* End PBXSourcesBuildPhase section */

/* Begin PBXTargetDependency section */
		953866862325508C001EA4FD /* PBXTargetDependency */ = {
			isa = PBXTargetDependency;
			target = 9538666F2325508A001EA4FD /* Directions */;
			targetProxy = 953866852325508C001EA4FD /* PBXContainerItemProxy */;
		};
		953866912325508C001EA4FD /* PBXTargetDependency */ = {
			isa = PBXTargetDependency;
			target = 9538666F2325508A001EA4FD /* Directions */;
			targetProxy = 953866902325508C001EA4FD /* PBXContainerItemProxy */;
		};
/* End PBXTargetDependency section */

/* Begin PBXVariantGroup section */
		953866772325508A001EA4FD /* Main.storyboard */ = {
			isa = PBXVariantGroup;
			children = (
				953866782325508A001EA4FD /* Base */,
			);
			name = Main.storyboard;
			sourceTree = "<group>";
		};
		9538667C2325508C001EA4FD /* LaunchScreen.storyboard */ = {
			isa = PBXVariantGroup;
			children = (
				9538667D2325508C001EA4FD /* Base */,
			);
			name = LaunchScreen.storyboard;
			sourceTree = "<group>";
		};
/* End PBXVariantGroup section */

/* Begin XCBuildConfiguration section */
		953866962325508C001EA4FD /* Debug */ = {
			isa = XCBuildConfiguration;
			buildSettings = {
				ALWAYS_SEARCH_USER_PATHS = NO;
				CLANG_ANALYZER_NONNULL = YES;
				CLANG_ANALYZER_NUMBER_OBJECT_CONVERSION = YES_AGGRESSIVE;
				CLANG_CXX_LANGUAGE_STANDARD = "gnu++14";
				CLANG_CXX_LIBRARY = "libc++";
				CLANG_ENABLE_MODULES = YES;
				CLANG_ENABLE_OBJC_ARC = YES;
				CLANG_ENABLE_OBJC_WEAK = YES;
				CLANG_WARN_BLOCK_CAPTURE_AUTORELEASING = YES;
				CLANG_WARN_BOOL_CONVERSION = YES;
				CLANG_WARN_COMMA = YES;
				CLANG_WARN_CONSTANT_CONVERSION = YES;
				CLANG_WARN_DEPRECATED_OBJC_IMPLEMENTATIONS = YES;
				CLANG_WARN_DIRECT_OBJC_ISA_USAGE = YES_ERROR;
				CLANG_WARN_DOCUMENTATION_COMMENTS = YES;
				CLANG_WARN_EMPTY_BODY = YES;
				CLANG_WARN_ENUM_CONVERSION = YES;
				CLANG_WARN_INFINITE_RECURSION = YES;
				CLANG_WARN_INT_CONVERSION = YES;
				CLANG_WARN_NON_LITERAL_NULL_CONVERSION = YES;
				CLANG_WARN_OBJC_IMPLICIT_RETAIN_SELF = YES;
				CLANG_WARN_OBJC_LITERAL_CONVERSION = YES;
				CLANG_WARN_OBJC_ROOT_CLASS = YES_ERROR;
				CLANG_WARN_RANGE_LOOP_ANALYSIS = YES;
				CLANG_WARN_STRICT_PROTOTYPES = YES;
				CLANG_WARN_SUSPICIOUS_MOVE = YES;
				CLANG_WARN_UNGUARDED_AVAILABILITY = YES_AGGRESSIVE;
				CLANG_WARN_UNREACHABLE_CODE = YES;
				CLANG_WARN__DUPLICATE_METHOD_MATCH = YES;
				CODE_SIGN_IDENTITY = "iPhone Developer";
				COPY_PHASE_STRIP = NO;
				DEBUG_INFORMATION_FORMAT = dwarf;
				ENABLE_STRICT_OBJC_MSGSEND = YES;
				ENABLE_TESTABILITY = YES;
				GCC_C_LANGUAGE_STANDARD = gnu11;
				GCC_DYNAMIC_NO_PIC = NO;
				GCC_NO_COMMON_BLOCKS = YES;
				GCC_OPTIMIZATION_LEVEL = 0;
				GCC_PREPROCESSOR_DEFINITIONS = (
					"DEBUG=1",
					"$(inherited)",
				);
				GCC_WARN_64_TO_32_BIT_CONVERSION = YES;
				GCC_WARN_ABOUT_RETURN_TYPE = YES_ERROR;
				GCC_WARN_UNDECLARED_SELECTOR = YES;
				GCC_WARN_UNINITIALIZED_AUTOS = YES_AGGRESSIVE;
				GCC_WARN_UNUSED_FUNCTION = YES;
				GCC_WARN_UNUSED_VARIABLE = YES;
				IPHONEOS_DEPLOYMENT_TARGET = 12.4;
				MTL_ENABLE_DEBUG_INFO = INCLUDE_SOURCE;
				MTL_FAST_MATH = YES;
				ONLY_ACTIVE_ARCH = YES;
				SDKROOT = iphoneos;
				SWIFT_ACTIVE_COMPILATION_CONDITIONS = DEBUG;
				SWIFT_OPTIMIZATION_LEVEL = "-Onone";
			};
			name = Debug;
		};
		953866972325508C001EA4FD /* Release */ = {
			isa = XCBuildConfiguration;
			buildSettings = {
				ALWAYS_SEARCH_USER_PATHS = NO;
				CLANG_ANALYZER_NONNULL = YES;
				CLANG_ANALYZER_NUMBER_OBJECT_CONVERSION = YES_AGGRESSIVE;
				CLANG_CXX_LANGUAGE_STANDARD = "gnu++14";
				CLANG_CXX_LIBRARY = "libc++";
				CLANG_ENABLE_MODULES = YES;
				CLANG_ENABLE_OBJC_ARC = YES;
				CLANG_ENABLE_OBJC_WEAK = YES;
				CLANG_WARN_BLOCK_CAPTURE_AUTORELEASING = YES;
				CLANG_WARN_BOOL_CONVERSION = YES;
				CLANG_WARN_COMMA = YES;
				CLANG_WARN_CONSTANT_CONVERSION = YES;
				CLANG_WARN_DEPRECATED_OBJC_IMPLEMENTATIONS = YES;
				CLANG_WARN_DIRECT_OBJC_ISA_USAGE = YES_ERROR;
				CLANG_WARN_DOCUMENTATION_COMMENTS = YES;
				CLANG_WARN_EMPTY_BODY = YES;
				CLANG_WARN_ENUM_CONVERSION = YES;
				CLANG_WARN_INFINITE_RECURSION = YES;
				CLANG_WARN_INT_CONVERSION = YES;
				CLANG_WARN_NON_LITERAL_NULL_CONVERSION = YES;
				CLANG_WARN_OBJC_IMPLICIT_RETAIN_SELF = YES;
				CLANG_WARN_OBJC_LITERAL_CONVERSION = YES;
				CLANG_WARN_OBJC_ROOT_CLASS = YES_ERROR;
				CLANG_WARN_RANGE_LOOP_ANALYSIS = YES;
				CLANG_WARN_STRICT_PROTOTYPES = YES;
				CLANG_WARN_SUSPICIOUS_MOVE = YES;
				CLANG_WARN_UNGUARDED_AVAILABILITY = YES_AGGRESSIVE;
				CLANG_WARN_UNREACHABLE_CODE = YES;
				CLANG_WARN__DUPLICATE_METHOD_MATCH = YES;
				CODE_SIGN_IDENTITY = "iPhone Developer";
				COPY_PHASE_STRIP = NO;
				DEBUG_INFORMATION_FORMAT = "dwarf-with-dsym";
				ENABLE_NS_ASSERTIONS = NO;
				ENABLE_STRICT_OBJC_MSGSEND = YES;
				GCC_C_LANGUAGE_STANDARD = gnu11;
				GCC_NO_COMMON_BLOCKS = YES;
				GCC_WARN_64_TO_32_BIT_CONVERSION = YES;
				GCC_WARN_ABOUT_RETURN_TYPE = YES_ERROR;
				GCC_WARN_UNDECLARED_SELECTOR = YES;
				GCC_WARN_UNINITIALIZED_AUTOS = YES_AGGRESSIVE;
				GCC_WARN_UNUSED_FUNCTION = YES;
				GCC_WARN_UNUSED_VARIABLE = YES;
				IPHONEOS_DEPLOYMENT_TARGET = 12.4;
				MTL_ENABLE_DEBUG_INFO = NO;
				MTL_FAST_MATH = YES;
				SDKROOT = iphoneos;
				SWIFT_COMPILATION_MODE = wholemodule;
				SWIFT_OPTIMIZATION_LEVEL = "-O";
				VALIDATE_PRODUCT = YES;
			};
			name = Release;
		};
		953866992325508C001EA4FD /* Debug */ = {
			isa = XCBuildConfiguration;
			buildSettings = {
				ASSETCATALOG_COMPILER_APPICON_NAME = AppIcon;
				CODE_SIGN_STYLE = Automatic;
				DEVELOPMENT_TEAM = L8W86DZDY2;
				INFOPLIST_FILE = Directions/Info.plist;
				LD_RUNPATH_SEARCH_PATHS = (
					"$(inherited)",
					"@executable_path/Frameworks",
				);
				PRODUCT_BUNDLE_IDENTIFIER = com.ri.Directions;
				PRODUCT_NAME = "$(TARGET_NAME)";
				SWIFT_VERSION = 5.0;
				TARGETED_DEVICE_FAMILY = "1,2";
			};
			name = Debug;
		};
		9538669A2325508C001EA4FD /* Release */ = {
			isa = XCBuildConfiguration;
			buildSettings = {
				ASSETCATALOG_COMPILER_APPICON_NAME = AppIcon;
				CODE_SIGN_STYLE = Automatic;
				DEVELOPMENT_TEAM = L8W86DZDY2;
				INFOPLIST_FILE = Directions/Info.plist;
				LD_RUNPATH_SEARCH_PATHS = (
					"$(inherited)",
					"@executable_path/Frameworks",
				);
				PRODUCT_BUNDLE_IDENTIFIER = com.ri.Directions;
				PRODUCT_NAME = "$(TARGET_NAME)";
				SWIFT_VERSION = 5.0;
				TARGETED_DEVICE_FAMILY = "1,2";
			};
			name = Release;
		};
		9538669C2325508C001EA4FD /* Debug */ = {
			isa = XCBuildConfiguration;
			buildSettings = {
				ALWAYS_EMBED_SWIFT_STANDARD_LIBRARIES = YES;
				BUNDLE_LOADER = "$(TEST_HOST)";
				CODE_SIGN_STYLE = Automatic;
				DEVELOPMENT_TEAM = L8W86DZDY2;
				INFOPLIST_FILE = DirectionsTests/Info.plist;
				LD_RUNPATH_SEARCH_PATHS = (
					"$(inherited)",
					"@executable_path/Frameworks",
					"@loader_path/Frameworks",
				);
				PRODUCT_BUNDLE_IDENTIFIER = com.ri.DirectionsTests;
				PRODUCT_NAME = "$(TARGET_NAME)";
				SWIFT_VERSION = 5.0;
				TARGETED_DEVICE_FAMILY = "1,2";
				TEST_HOST = "$(BUILT_PRODUCTS_DIR)/Directions.app/Directions";
			};
			name = Debug;
		};
		9538669D2325508C001EA4FD /* Release */ = {
			isa = XCBuildConfiguration;
			buildSettings = {
				ALWAYS_EMBED_SWIFT_STANDARD_LIBRARIES = YES;
				BUNDLE_LOADER = "$(TEST_HOST)";
				CODE_SIGN_STYLE = Automatic;
				DEVELOPMENT_TEAM = L8W86DZDY2;
				INFOPLIST_FILE = DirectionsTests/Info.plist;
				LD_RUNPATH_SEARCH_PATHS = (
					"$(inherited)",
					"@executable_path/Frameworks",
					"@loader_path/Frameworks",
				);
				PRODUCT_BUNDLE_IDENTIFIER = com.ri.DirectionsTests;
				PRODUCT_NAME = "$(TARGET_NAME)";
				SWIFT_VERSION = 5.0;
				TARGETED_DEVICE_FAMILY = "1,2";
				TEST_HOST = "$(BUILT_PRODUCTS_DIR)/Directions.app/Directions";
			};
			name = Release;
		};
		9538669F2325508C001EA4FD /* Debug */ = {
			isa = XCBuildConfiguration;
			buildSettings = {
				ALWAYS_EMBED_SWIFT_STANDARD_LIBRARIES = YES;
				CODE_SIGN_STYLE = Automatic;
				DEVELOPMENT_TEAM = L8W86DZDY2;
				INFOPLIST_FILE = DirectionsUITests/Info.plist;
				LD_RUNPATH_SEARCH_PATHS = (
					"$(inherited)",
					"@executable_path/Frameworks",
					"@loader_path/Frameworks",
				);
				PRODUCT_BUNDLE_IDENTIFIER = com.ri.DirectionsUITests;
				PRODUCT_NAME = "$(TARGET_NAME)";
				SWIFT_VERSION = 5.0;
				TARGETED_DEVICE_FAMILY = "1,2";
				TEST_TARGET_NAME = Directions;
			};
			name = Debug;
		};
		953866A02325508C001EA4FD /* Release */ = {
			isa = XCBuildConfiguration;
			buildSettings = {
				ALWAYS_EMBED_SWIFT_STANDARD_LIBRARIES = YES;
				CODE_SIGN_STYLE = Automatic;
				DEVELOPMENT_TEAM = L8W86DZDY2;
				INFOPLIST_FILE = DirectionsUITests/Info.plist;
				LD_RUNPATH_SEARCH_PATHS = (
					"$(inherited)",
					"@executable_path/Frameworks",
					"@loader_path/Frameworks",
				);
				PRODUCT_BUNDLE_IDENTIFIER = com.ri.DirectionsUITests;
				PRODUCT_NAME = "$(TARGET_NAME)";
				SWIFT_VERSION = 5.0;
				TARGETED_DEVICE_FAMILY = "1,2";
				TEST_TARGET_NAME = Directions;
			};
			name = Release;
		};
/* End XCBuildConfiguration section */

/* Begin XCConfigurationList section */
		9538666B2325508A001EA4FD /* Build configuration list for PBXProject "Directions" */ = {
			isa = XCConfigurationList;
			buildConfigurations = (
				953866962325508C001EA4FD /* Debug */,
				953866972325508C001EA4FD /* Release */,
			);
			defaultConfigurationIsVisible = 0;
			defaultConfigurationName = Release;
		};
		953866982325508C001EA4FD /* Build configuration list for PBXNativeTarget "Directions" */ = {
			isa = XCConfigurationList;
			buildConfigurations = (
				953866992325508C001EA4FD /* Debug */,
				9538669A2325508C001EA4FD /* Release */,
			);
			defaultConfigurationIsVisible = 0;
			defaultConfigurationName = Release;
		};
		9538669B2325508C001EA4FD /* Build configuration list for PBXNativeTarget "DirectionsTests" */ = {
			isa = XCConfigurationList;
			buildConfigurations = (
				9538669C2325508C001EA4FD /* Debug */,
				9538669D2325508C001EA4FD /* Release */,
			);
			defaultConfigurationIsVisible = 0;
			defaultConfigurationName = Release;
		};
		9538669E2325508C001EA4FD /* Build configuration list for PBXNativeTarget "DirectionsUITests" */ = {
			isa = XCConfigurationList;
			buildConfigurations = (
				9538669F2325508C001EA4FD /* Debug */,
				953866A02325508C001EA4FD /* Release */,
			);
			defaultConfigurationIsVisible = 0;
			defaultConfigurationName = Release;
		};
/* End XCConfigurationList section */
	};
	rootObject = 953866682325508A001EA4FD /* Project object */;
}
